// !$*UTF8*$!
{
	archiveVersion = 1;
	classes = {
	};
	objectVersion = 46;
	objects = {

/* Begin PBXBuildFile section */
		CBA6127E1EE7A3CF00B0763B /* AppDelegate.swift in Sources */ = {isa = PBXBuildFile; fileRef = CBA6127D1EE7A3CF00B0763B /* AppDelegate.swift */; };
		CBA612801EE7A3CF00B0763B /* ViewController.swift in Sources */ = {isa = PBXBuildFile; fileRef = CBA6127F1EE7A3CF00B0763B /* ViewController.swift */; };
		CBA612831EE7A3CF00B0763B /* Main.storyboard in Resources */ = {isa = PBXBuildFile; fileRef = CBA612811EE7A3CF00B0763B /* Main.storyboard */; };
		CBA612851EE7A3CF00B0763B /* Assets.xcassets in Resources */ = {isa = PBXBuildFile; fileRef = CBA612841EE7A3CF00B0763B /* Assets.xcassets */; };
		CBA612881EE7A3CF00B0763B /* LaunchScreen.storyboard in Resources */ = {isa = PBXBuildFile; fileRef = CBA612861EE7A3CF00B0763B /* LaunchScreen.storyboard */; };
		CBA6129A1EE7A67500B0763B /* duration.png in Resources */ = {isa = PBXBuildFile; fileRef = CBA612931EE7A67500B0763B /* duration.png */; };
		CBA6129B1EE7A67500B0763B /* maxVolume.png in Resources */ = {isa = PBXBuildFile; fileRef = CBA612941EE7A67500B0763B /* maxVolume.png */; };
		CBA6129C1EE7A67500B0763B /* miniVolume.png in Resources */ = {isa = PBXBuildFile; fileRef = CBA612951EE7A67500B0763B /* miniVolume.png */; };
		CBA6129D1EE7A67500B0763B /* pause.png in Resources */ = {isa = PBXBuildFile; fileRef = CBA612961EE7A67500B0763B /* pause.png */; };
		CBA6129E1EE7A67500B0763B /* play.png in Resources */ = {isa = PBXBuildFile; fileRef = CBA612971EE7A67500B0763B /* play.png */; };
		CBA6129F1EE7A67500B0763B /* thumb.png in Resources */ = {isa = PBXBuildFile; fileRef = CBA612981EE7A67500B0763B /* thumb.png */; };
		CBA612A01EE7A67500B0763B /* thumbHightLight.png in Resources */ = {isa = PBXBuildFile; fileRef = CBA612991EE7A67500B0763B /* thumbHightLight.png */; };
		CBA612A41EE7AB5C00B0763B /* music.mp3 in Resources */ = {isa = PBXBuildFile; fileRef = CBA612A31EE7AB5C00B0763B /* music.mp3 */; };
/* End PBXBuildFile section */

/* Begin PBXFileReference section */
		CBA6127A1EE7A3CF00B0763B /* PlayingMusic.app */ = {isa = PBXFileReference; explicitFileType = wrapper.application; includeInIndex = 0; path = PlayingMusic.app; sourceTree = BUILT_PRODUCTS_DIR; };
		CBA6127D1EE7A3CF00B0763B /* AppDelegate.swift */ = {isa = PBXFileReference; lastKnownFileType = sourcecode.swift; path = AppDelegate.swift; sourceTree = "<group>"; };
		CBA6127F1EE7A3CF00B0763B /* ViewController.swift */ = {isa = PBXFileReference; lastKnownFileType = sourcecode.swift; path = ViewController.swift; sourceTree = "<group>"; };
		CBA612821EE7A3CF00B0763B /* Base */ = {isa = PBXFileReference; lastKnownFileType = file.storyboard; name = Base; path = Base.lproj/Main.storyboard; sourceTree = "<group>"; };
		CBA612841EE7A3CF00B0763B /* Assets.xcassets */ = {isa = PBXFileReference; lastKnownFileType = folder.assetcatalog; path = Assets.xcassets; sourceTree = "<group>"; };
		CBA612871EE7A3CF00B0763B /* Base */ = {isa = PBXFileReference; lastKnownFileType = file.storyboard; name = Base; path = Base.lproj/LaunchScreen.storyboard; sourceTree = "<group>"; };
		CBA612891EE7A3CF00B0763B /* Info.plist */ = {isa = PBXFileReference; lastKnownFileType = text.plist.xml; path = Info.plist; sourceTree = "<group>"; };
		CBA612931EE7A67500B0763B /* duration.png */ = {isa = PBXFileReference; lastKnownFileType = image.png; path = duration.png; sourceTree = "<group>"; };
		CBA612941EE7A67500B0763B /* maxVolume.png */ = {isa = PBXFileReference; lastKnownFileType = image.png; path = maxVolume.png; sourceTree = "<group>"; };
		CBA612951EE7A67500B0763B /* miniVolume.png */ = {isa = PBXFileReference; lastKnownFileType = image.png; path = miniVolume.png; sourceTree = "<group>"; };
		CBA612961EE7A67500B0763B /* pause.png */ = {isa = PBXFileReference; lastKnownFileType = image.png; path = pause.png; sourceTree = "<group>"; };
		CBA612971EE7A67500B0763B /* play.png */ = {isa = PBXFileReference; lastKnownFileType = image.png; path = play.png; sourceTree = "<group>"; };
		CBA612981EE7A67500B0763B /* thumb.png */ = {isa = PBXFileReference; lastKnownFileType = image.png; path = thumb.png; sourceTree = "<group>"; };
		CBA612991EE7A67500B0763B /* thumbHightLight.png */ = {isa = PBXFileReference; lastKnownFileType = image.png; path = thumbHightLight.png; sourceTree = "<group>"; };
		CBA612A31EE7AB5C00B0763B /* music.mp3 */ = {isa = PBXFileReference; lastKnownFileType = audio.mp3; path = music.mp3; sourceTree = "<group>"; };
/* End PBXFileReference section */

/* Begin PBXFrameworksBuildPhase section */
		CBA612771EE7A3CF00B0763B /* Frameworks */ = {
			isa = PBXFrameworksBuildPhase;
			buildActionMask = 2147483647;
			files = (
			);
			runOnlyForDeploymentPostprocessing = 0;
		};
/* End PBXFrameworksBuildPhase section */

/* Begin PBXGroup section */
		CBA612711EE7A3CF00B0763B = {
			isa = PBXGroup;
			children = (
				CBA6127C1EE7A3CF00B0763B /* PlayingMusic */,
				CBA6127B1EE7A3CF00B0763B /* Products */,
			);
			sourceTree = "<group>";
		};
		CBA6127B1EE7A3CF00B0763B /* Products */ = {
			isa = PBXGroup;
			children = (
				CBA6127A1EE7A3CF00B0763B /* PlayingMusic.app */,
			);
			name = Products;
			sourceTree = "<group>";
		};
		CBA6127C1EE7A3CF00B0763B /* PlayingMusic */ = {
			isa = PBXGroup;
			children = (
				CBA612921EE7A4E200B0763B /* ảnh và nhạc */,
				CBA6127D1EE7A3CF00B0763B /* AppDelegate.swift */,
				CBA6127F1EE7A3CF00B0763B /* ViewController.swift */,
				CBA612811EE7A3CF00B0763B /* Main.storyboard */,
				CBA612841EE7A3CF00B0763B /* Assets.xcassets */,
				CBA612861EE7A3CF00B0763B /* LaunchScreen.storyboard */,
				CBA612891EE7A3CF00B0763B /* Info.plist */,
			);
			path = PlayingMusic;
			sourceTree = "<group>";
		};
		CBA612921EE7A4E200B0763B /* ảnh và nhạc */ = {
			isa = PBXGroup;
			children = (
				CBA612931EE7A67500B0763B /* duration.png */,
				CBA612941EE7A67500B0763B /* maxVolume.png */,
				CBA612951EE7A67500B0763B /* miniVolume.png */,
				CBA612A31EE7AB5C00B0763B /* music.mp3 */,
				CBA612961EE7A67500B0763B /* pause.png */,
				CBA612971EE7A67500B0763B /* play.png */,
				CBA612981EE7A67500B0763B /* thumb.png */,
				CBA612991EE7A67500B0763B /* thumbHightLight.png */,
			);
			name = "ảnh và nhạc";
			sourceTree = "<group>";
		};
/* End PBXGroup section */

/* Begin PBXNativeTarget section */
		CBA612791EE7A3CF00B0763B /* PlayingMusic */ = {
			isa = PBXNativeTarget;
			buildConfigurationList = CBA6128C1EE7A3CF00B0763B /* Build configuration list for PBXNativeTarget "PlayingMusic" */;
			buildPhases = (
				CBA612761EE7A3CF00B0763B /* Sources */,
				CBA612771EE7A3CF00B0763B /* Frameworks */,
				CBA612781EE7A3CF00B0763B /* Resources */,
			);
			buildRules = (
			);
			dependencies = (
			);
			name = PlayingMusic;
			productName = PlayingMusic;
			productReference = CBA6127A1EE7A3CF00B0763B /* PlayingMusic.app */;
			productType = "com.apple.product-type.application";
		};
/* End PBXNativeTarget section */

/* Begin PBXProject section */
		CBA612721EE7A3CF00B0763B /* Project object */ = {
			isa = PBXProject;
			attributes = {
				LastSwiftUpdateCheck = 0830;
				LastUpgradeCheck = 0830;
				ORGANIZATIONNAME = "Minh Tuan";
				TargetAttributes = {
					CBA612791EE7A3CF00B0763B = {
						CreatedOnToolsVersion = 8.3.2;
						DevelopmentTeam = L2B4445J52;
						ProvisioningStyle = Automatic;
					};
				};
			};
			buildConfigurationList = CBA612751EE7A3CF00B0763B /* Build configuration list for PBXProject "PlayingMusic" */;
			compatibilityVersion = "Xcode 3.2";
			developmentRegion = English;
			hasScannedForEncodings = 0;
			knownRegions = (
				en,
				Base,
			);
			mainGroup = CBA612711EE7A3CF00B0763B;
			productRefGroup = CBA6127B1EE7A3CF00B0763B /* Products */;
			projectDirPath = "";
			projectRoot = "";
			targets = (
				CBA612791EE7A3CF00B0763B /* PlayingMusic */,
			);
		};
/* End PBXProject section */

/* Begin PBXResourcesBuildPhase section */
		CBA612781EE7A3CF00B0763B /* Resources */ = {
			isa = PBXResourcesBuildPhase;
			buildActionMask = 2147483647;
			files = (
				CBA612881EE7A3CF00B0763B /* LaunchScreen.storyboard in Resources */,
				CBA6129E1EE7A67500B0763B /* play.png in Resources */,
				CBA6129A1EE7A67500B0763B /* duration.png in Resources */,
				CBA6129C1EE7A67500B0763B /* miniVolume.png in Resources */,
				CBA6129D1EE7A67500B0763B /* pause.png in Resources */,
				CBA6129B1EE7A67500B0763B /* maxVolume.png in Resources */,
				CBA612A01EE7A67500B0763B /* thumbHightLight.png in Resources */,
				CBA612851EE7A3CF00B0763B /* Assets.xcassets in Resources */,
				CBA612831EE7A3CF00B0763B /* Main.storyboard in Resources */,
				CBA6129F1EE7A67500B0763B /* thumb.png in Resources */,
				CBA612A41EE7AB5C00B0763B /* music.mp3 in Resources */,
			);
			runOnlyForDeploymentPostprocessing = 0;
		};
/* End PBXResourcesBuildPhase section */

/* Begin PBXSourcesBuildPhase section */
		CBA612761EE7A3CF00B0763B /* Sources */ = {
			isa = PBXSourcesBuildPhase;
			buildActionMask = 2147483647;
			files = (
				CBA612801EE7A3CF00B0763B /* ViewController.swift in Sources */,
				CBA6127E1EE7A3CF00B0763B /* AppDelegate.swift in Sources */,
			);
			runOnlyForDeploymentPostprocessing = 0;
		};
/* End PBXSourcesBuildPhase section */

/* Begin PBXVariantGroup section */
		CBA612811EE7A3CF00B0763B /* Main.storyboard */ = {
			isa = PBXVariantGroup;
			children = (
				CBA612821EE7A3CF00B0763B /* Base */,
			);
			name = Main.storyboard;
			sourceTree = "<group>";
		};
		CBA612861EE7A3CF00B0763B /* LaunchScreen.storyboard */ = {
			isa = PBXVariantGroup;
			children = (
				CBA612871EE7A3CF00B0763B /* Base */,
			);
			name = LaunchScreen.storyboard;
			sourceTree = "<group>";
		};
/* End PBXVariantGroup section */

/* Begin XCBuildConfiguration section */
		CBA6128A1EE7A3CF00B0763B /* Debug */ = {
			isa = XCBuildConfiguration;
			buildSettings = {
				ALWAYS_SEARCH_USER_PATHS = NO;
				CLANG_ANALYZER_NONNULL = YES;
				CLANG_ANALYZER_NUMBER_OBJECT_CONVERSION = YES_AGGRESSIVE;
				CLANG_CXX_LANGUAGE_STANDARD = "gnu++0x";
				CLANG_CXX_LIBRARY = "libc++";
				CLANG_ENABLE_MODULES = YES;
				CLANG_ENABLE_OBJC_ARC = YES;
				CLANG_WARN_BOOL_CONVERSION = YES;
				CLANG_WARN_CONSTANT_CONVERSION = YES;
				CLANG_WARN_DIRECT_OBJC_ISA_USAGE = YES_ERROR;
				CLANG_WARN_DOCUMENTATION_COMMENTS = YES;
				CLANG_WARN_EMPTY_BODY = YES;
				CLANG_WARN_ENUM_CONVERSION = YES;
				CLANG_WARN_INFINITE_RECURSION = YES;
				CLANG_WARN_INT_CONVERSION = YES;
				CLANG_WARN_OBJC_ROOT_CLASS = YES_ERROR;
				CLANG_WARN_SUSPICIOUS_MOVE = YES;
				CLANG_WARN_UNREACHABLE_CODE = YES;
				CLANG_WARN__DUPLICATE_METHOD_MATCH = YES;
				"CODE_SIGN_IDENTITY[sdk=iphoneos*]" = "iPhone Developer";
				COPY_PHASE_STRIP = NO;
				DEBUG_INFORMATION_FORMAT = dwarf;
				ENABLE_STRICT_OBJC_MSGSEND = YES;
				ENABLE_TESTABILITY = YES;
				GCC_C_LANGUAGE_STANDARD = gnu99;
				GCC_DYNAMIC_NO_PIC = NO;
				GCC_NO_COMMON_BLOCKS = YES;
				GCC_OPTIMIZATION_LEVEL = 0;
				GCC_PREPROCESSOR_DEFINITIONS = (
					"DEBUG=1",
					"$(inherited)",
				);
				GCC_WARN_64_TO_32_BIT_CONVERSION = YES;
				GCC_WARN_ABOUT_RETURN_TYPE = YES_ERROR;
				GCC_WARN_UNDECLARED_SELECTOR = YES;
				GCC_WARN_UNINITIALIZED_AUTOS = YES_AGGRESSIVE;
				GCC_WARN_UNUSED_FUNCTION = YES;
				GCC_WARN_UNUSED_VARIABLE = YES;
				IPHONEOS_DEPLOYMENT_TARGET = 10.3;
				MTL_ENABLE_DEBUG_INFO = YES;
				ONLY_ACTIVE_ARCH = YES;
				SDKROOT = iphoneos;
				SWIFT_ACTIVE_COMPILATION_CONDITIONS = DEBUG;
				SWIFT_OPTIMIZATION_LEVEL = "-Onone";
				TARGETED_DEVICE_FAMILY = "1,2";
			};
			name = Debug;
		};
		CBA6128B1EE7A3CF00B0763B /* Release */ = {
			isa = XCBuildConfiguration;
			buildSettings = {
				ALWAYS_SEARCH_USER_PATHS = NO;
				CLANG_ANALYZER_NONNULL = YES;
				CLANG_ANALYZER_NUMBER_OBJECT_CONVERSION = YES_AGGRESSIVE;
				CLANG_CXX_LANGUAGE_STANDARD = "gnu++0x";
				CLANG_CXX_LIBRARY = "libc++";
				CLANG_ENABLE_MODULES = YES;
				CLANG_ENABLE_OBJC_ARC = YES;
				CLANG_WARN_BOOL_CONVERSION = YES;
				CLANG_WARN_CONSTANT_CONVERSION = YES;
				CLANG_WARN_DIRECT_OBJC_ISA_USAGE = YES_ERROR;
				CLANG_WARN_DOCUMENTATION_COMMENTS = YES;
				CLANG_WARN_EMPTY_BODY = YES;
				CLANG_WARN_ENUM_CONVERSION = YES;
				CLANG_WARN_INFINITE_RECURSION = YES;
				CLANG_WARN_INT_CONVERSION = YES;
				CLANG_WARN_OBJC_ROOT_CLASS = YES_ERROR;
				CLANG_WARN_SUSPICIOUS_MOVE = YES;
				CLANG_WARN_UNREACHABLE_CODE = YES;
				CLANG_WARN__DUPLICATE_METHOD_MATCH = YES;
				"CODE_SIGN_IDENTITY[sdk=iphoneos*]" = "iPhone Developer";
				COPY_PHASE_STRIP = NO;
				DEBUG_INFORMATION_FORMAT = "dwarf-with-dsym";
				ENABLE_NS_ASSERTIONS = NO;
				ENABLE_STRICT_OBJC_MSGSEND = YES;
				GCC_C_LANGUAGE_STANDARD = gnu99;
				GCC_NO_COMMON_BLOCKS = YES;
				GCC_WARN_64_TO_32_BIT_CONVERSION = YES;
				GCC_WARN_ABOUT_RETURN_TYPE = YES_ERROR;
				GCC_WARN_UNDECLARED_SELECTOR = YES;
				GCC_WARN_UNINITIALIZED_AUTOS = YES_AGGRESSIVE;
				GCC_WARN_UNUSED_FUNCTION = YES;
				GCC_WARN_UNUSED_VARIABLE = YES;
				IPHONEOS_DEPLOYMENT_TARGET = 10.3;
				MTL_ENABLE_DEBUG_INFO = NO;
				SDKROOT = iphoneos;
				SWIFT_OPTIMIZATION_LEVEL = "-Owholemodule";
				TARGETED_DEVICE_FAMILY = "1,2";
				VALIDATE_PRODUCT = YES;
			};
			name = Release;
		};
		CBA6128D1EE7A3CF00B0763B /* Debug */ = {
			isa = XCBuildConfiguration;
			buildSettings = {
				ASSETCATALOG_COMPILER_APPICON_NAME = AppIcon;
				DEVELOPMENT_TEAM = L2B4445J52;
				INFOPLIST_FILE = PlayingMusic/Info.plist;
				LD_RUNPATH_SEARCH_PATHS = "$(inherited) @executable_path/Frameworks";
				PRODUCT_BUNDLE_IDENTIFIER = com.PlayingMusic;
				PRODUCT_NAME = "$(TARGET_NAME)";
				SWIFT_VERSION = 3.0;
			};
			name = Debug;
		};
		CBA6128E1EE7A3CF00B0763B /* Release */ = {
			isa = XCBuildConfiguration;
			buildSettings = {
				ASSETCATALOG_COMPILER_APPICON_NAME = AppIcon;
				DEVELOPMENT_TEAM = L2B4445J52;
				INFOPLIST_FILE = PlayingMusic/Info.plist;
				LD_RUNPATH_SEARCH_PATHS = "$(inherited) @executable_path/Frameworks";
				PRODUCT_BUNDLE_IDENTIFIER = com.PlayingMusic;
				PRODUCT_NAME = "$(TARGET_NAME)";
				SWIFT_VERSION = 3.0;
			};
			name = Release;
		};
/* End XCBuildConfiguration section */

/* Begin XCConfigurationList section */
		CBA612751EE7A3CF00B0763B /* Build configuration list for PBXProject "PlayingMusic" */ = {
			isa = XCConfigurationList;
			buildConfigurations = (
				CBA6128A1EE7A3CF00B0763B /* Debug */,
				CBA6128B1EE7A3CF00B0763B /* Release */,
			);
			defaultConfigurationIsVisible = 0;
			defaultConfigurationName = Release;
		};
		CBA6128C1EE7A3CF00B0763B /* Build configuration list for PBXNativeTarget "PlayingMusic" */ = {
			isa = XCConfigurationList;
			buildConfigurations = (
				CBA6128D1EE7A3CF00B0763B /* Debug */,
				CBA6128E1EE7A3CF00B0763B /* Release */,
			);
			defaultConfigurationIsVisible = 0;
		};
/* End XCConfigurationList section */
	};
	rootObject = CBA612721EE7A3CF00B0763B /* Project object */;
}
